
Microsoft Visual Studio Solution File, Format Version 12.00
# Visual Studio Version 16
VisualStudioVersion = 16.0.32228.343
MinimumVisualStudioVersion = 10.0.40219.1
Project("{FAE04EC0-301F-11D3-BF4B-00C04F79EFBC}") = "MVC_CRUD_Employee_NTier", "MVC_CRUD_Employee_NTier.csproj", "{C6B1DD2A-EB18-425F-B2CB-B9DC015669E2}"
EndProject
Project("{FAE04EC0-301F-11D3-BF4B-00C04F79EFBC}") = "Infrastructure", "..\Infrastructure\Infrastructure.csproj", "{AB1FD27C-87FA-46E5-808D-2CC510398A3D}"
EndProject
Global
	GlobalSection(SolutionConfigurationPlatforms) = preSolution
		Debug|Any CPU = Debug|Any CPU
		Release|Any CPU = Release|Any CPU
	EndGlobalSection
	GlobalSection(ProjectConfigurationPlatforms) = postSolution
		{C6B1DD2A-EB18-425F-B2CB-B9DC015669E2}.Debug|Any CPU.ActiveCfg = Debug|Any CPU
		{C6B1DD2A-EB18-425F-B2CB-B9DC015669E2}.Debug|Any CPU.Build.0 = Debug|Any CPU
		{C6B1DD2A-EB18-425F-B2CB-B9DC015669E2}.Release|Any CPU.ActiveCfg = Release|Any CPU
		{C6B1DD2A-EB18-425F-B2CB-B9DC015669E2}.Release|Any CPU.Build.0 = Release|Any CPU
		{AB1FD27C-87FA-46E5-808D-2CC510398A3D}.Debug|Any CPU.ActiveCfg = Debug|Any CPU
		{AB1FD27C-87FA-46E5-808D-2CC510398A3D}.Debug|Any CPU.Build.0 = Debug|Any CPU
		{AB1FD27C-87FA-46E5-808D-2CC510398A3D}.Release|Any CPU.ActiveCfg = Release|Any CPU
		{AB1FD27C-87FA-46E5-808D-2CC510398A3D}.Release|Any CPU.Build.0 = Release|Any CPU
	EndGlobalSection
	GlobalSection(SolutionProperties) = preSolution
		HideSolutionNode = FALSE
	EndGlobalSection
	GlobalSection(ExtensibilityGlobals) = postSolution
		SolutionGuid = {FA6B011D-6DA3-43E1-838B-A7742C982484}
	EndGlobalSection
EndGlobal
